Microsoft Visual Studio Solution File, Format Version 12.00
# Visual Studio 2012
Project("{FAE04EC0-301F-11D3-BF4B-00C04F79EFBC}") = "ISU Winter Jam team 1 Project 2026", "ISU Winter Jam team 1 Project 2026.csproj", "{76FD6592-4525-49A0-9D86-9FF3BB99D70D}"
EndProject
Global
	GlobalSection(SolutionConfigurationPlatforms) = preSolution
	Debug|Any CPU = Debug|Any CPU
	ExportDebug|Any CPU = ExportDebug|Any CPU
	ExportRelease|Any CPU = ExportRelease|Any CPU
	EndGlobalSection
	GlobalSection(ProjectConfigurationPlatforms) = postSolution
		{76FD6592-4525-49A0-9D86-9FF3BB99D70D}.Debug|Any CPU.ActiveCfg = Debug|Any CPU
		{76FD6592-4525-49A0-9D86-9FF3BB99D70D}.Debug|Any CPU.Build.0 = Debug|Any CPU
		{76FD6592-4525-49A0-9D86-9FF3BB99D70D}.ExportDebug|Any CPU.ActiveCfg = ExportDebug|Any CPU
		{76FD6592-4525-49A0-9D86-9FF3BB99D70D}.ExportDebug|Any CPU.Build.0 = ExportDebug|Any CPU
		{76FD6592-4525-49A0-9D86-9FF3BB99D70D}.ExportRelease|Any CPU.ActiveCfg = ExportRelease|Any CPU
		{76FD6592-4525-49A0-9D86-9FF3BB99D70D}.ExportRelease|Any CPU.Build.0 = ExportRelease|Any CPU
	EndGlobalSection
EndGlobal
